{
  "version": 4,
  "terraform_version": "1.14.3",
  "serial": 13,
  "lineage": "9c651187-066e-d0c9-b78c-0982af113e95",
  "outputs": {},
  "resources": [
    {
      "mode": "data",
      "type": "aws_iam_policy_document",
      "name": "invoke_lambda",
      "provider": "provider[\"registry.terraform.io/hashicorp/aws\"]",
      "instances": [
        {
          "schema_version": 0,
          "attributes": {
            "id": "1744322815",
            "json": "{\n  \"Version\": \"2012-10-17\",\n  \"Statement\": [\n    {\n      \"Sid\": \"AllowInvokeTargetLambda\",\n      \"Effect\": \"Allow\",\n      \"Action\": \"lambda:InvokeFunction\",\n      \"Resource\": \"arn:aws:lambda:us-west-2:364478544396:function:get-post-job\"\n    }\n  ]\n}",
            "minified_json": "{\"Version\":\"2012-10-17\",\"Statement\":[{\"Sid\":\"AllowInvokeTargetLambda\",\"Effect\":\"Allow\",\"Action\":\"lambda:InvokeFunction\",\"Resource\":\"arn:aws:lambda:us-west-2:364478544396:function:get-post-job\"}]}",
            "override_json": null,
            "override_policy_documents": null,
            "policy_id": null,
            "source_json": null,
            "source_policy_documents": null,
            "statement": [
              {
                "actions": [
                  "lambda:InvokeFunction"
                ],
                "condition": [],
                "effect": "Allow",
                "not_actions": [],
                "not_principals": [],
                "not_resources": [],
                "principals": [],
                "resources": [
                  "arn:aws:lambda:us-west-2:364478544396:function:get-post-job"
                ],
                "sid": "AllowInvokeTargetLambda"
              }
            ],
            "version": "2012-10-17"
          },
          "sensitive_attributes": [],
          "identity_schema_version": 0
        }
      ]
    },
    {
      "mode": "data",
      "type": "aws_iam_policy_document",
      "name": "lambda_assume",
      "provider": "provider[\"registry.terraform.io/hashicorp/aws\"]",
      "instances": [
        {
          "schema_version": 0,
          "attributes": {
            "id": "1604711841",
            "json": "{\n  \"Version\": \"2012-10-17\",\n  \"Statement\": [\n    {\n      \"Effect\": \"Allow\",\n      \"Action\": \"sts:AssumeRole\",\n      \"Principal\": {\n        \"Service\": \"lambda.amazonaws.com\"\n      }\n    }\n  ]\n}",
            "minified_json": "{\"Version\":\"2012-10-17\",\"Statement\":[{\"Effect\":\"Allow\",\"Action\":\"sts:AssumeRole\",\"Principal\":{\"Service\":\"lambda.amazonaws.com\"}}]}",
            "override_json": null,
            "override_policy_documents": null,
            "policy_id": null,
            "source_json": null,
            "source_policy_documents": null,
            "statement": [
              {
                "actions": [
                  "sts:AssumeRole"
                ],
                "condition": [],
                "effect": "Allow",
                "not_actions": [],
                "not_principals": [],
                "not_resources": [],
                "principals": [
                  {
                    "identifiers": [
                      "lambda.amazonaws.com"
                    ],
                    "type": "Service"
                  }
                ],
                "resources": [],
                "sid": ""
              }
            ],
            "version": "2012-10-17"
          },
          "sensitive_attributes": [],
          "identity_schema_version": 0
        }
      ]
    },
    {
      "mode": "data",
      "type": "aws_iam_policy_document",
      "name": "scheduler_assume",
      "provider": "provider[\"registry.terraform.io/hashicorp/aws\"]",
      "instances": [
        {
          "schema_version": 0,
          "attributes": {
            "id": "52247394",
            "json": "{\n  \"Version\": \"2012-10-17\",\n  \"Statement\": [\n    {\n      \"Effect\": \"Allow\",\n      \"Action\": \"sts:AssumeRole\",\n      \"Principal\": {\n        \"Service\": \"scheduler.amazonaws.com\"\n      }\n    }\n  ]\n}",
            "minified_json": "{\"Version\":\"2012-10-17\",\"Statement\":[{\"Effect\":\"Allow\",\"Action\":\"sts:AssumeRole\",\"Principal\":{\"Service\":\"scheduler.amazonaws.com\"}}]}",
            "override_json": null,
            "override_policy_documents": null,
            "policy_id": null,
            "source_json": null,
            "source_policy_documents": null,
            "statement": [
              {
                "actions": [
                  "sts:AssumeRole"
                ],
                "condition": [],
                "effect": "Allow",
                "not_actions": [],
                "not_principals": [],
                "not_resources": [],
                "principals": [
                  {
                    "identifiers": [
                      "scheduler.amazonaws.com"
                    ],
                    "type": "Service"
                  }
                ],
                "resources": [],
                "sid": ""
              }
            ],
            "version": "2012-10-17"
          },
          "sensitive_attributes": [],
          "identity_schema_version": 0
        }
      ]
    },
    {
      "mode": "managed",
      "type": "aws_cloudwatch_log_group",
      "name": "lambda",
      "provider": "provider[\"registry.terraform.io/hashicorp/aws\"]",
      "instances": [
        {
          "schema_version": 0,
          "attributes": {
            "arn": "arn:aws:logs:us-west-2:364478544396:log-group:/aws/lambda/get-post-job",
            "id": "/aws/lambda/get-post-job",
            "kms_key_id": "",
            "log_group_class": "STANDARD",
            "name": "/aws/lambda/get-post-job",
            "name_prefix": "",
            "retention_in_days": 14,
            "skip_destroy": false,
            "tags": {},
            "tags_all": {}
          },
          "sensitive_attributes": [],
          "identity_schema_version": 0,
          "private": "bnVsbA=="
        }
      ]
    },
    {
      "mode": "managed",
      "type": "aws_iam_policy",
      "name": "invoke_lambda",
      "provider": "provider[\"registry.terraform.io/hashicorp/aws\"]",
      "instances": [
        {
          "schema_version": 0,
          "attributes": {
            "arn": "arn:aws:iam::364478544396:policy/invoke-lambda-every-30m-invoke-policy",
            "attachment_count": 1,
            "description": "",
            "id": "arn:aws:iam::364478544396:policy/invoke-lambda-every-30m-invoke-policy",
            "name": "invoke-lambda-every-30m-invoke-policy",
            "name_prefix": "",
            "path": "/",
            "policy": "{\"Statement\":[{\"Action\":\"lambda:InvokeFunction\",\"Effect\":\"Allow\",\"Resource\":\"arn:aws:lambda:us-west-2:364478544396:function:get-post-job\",\"Sid\":\"AllowInvokeTargetLambda\"}],\"Version\":\"2012-10-17\"}",
            "policy_id": "ANPAVJXE5HIGD2JZYUX6E",
            "tags": {},
            "tags_all": {}
          },
          "sensitive_attributes": [],
          "identity_schema_version": 0,
          "private": "bnVsbA==",
          "dependencies": [
            "aws_cloudwatch_log_group.lambda",
            "aws_iam_role.lambda_role",
            "aws_lambda_function.this",
            "data.aws_iam_policy_document.invoke_lambda",
            "data.aws_iam_policy_document.lambda_assume"
          ]
        }
      ]
    },
    {
      "mode": "managed",
      "type": "aws_iam_role",
      "name": "lambda_role",
      "provider": "provider[\"registry.terraform.io/hashicorp/aws\"]",
      "instances": [
        {
          "schema_version": 0,
          "attributes": {
            "arn": "arn:aws:iam::364478544396:role/get-post-job-role",
            "assume_role_policy": "{\"Statement\":[{\"Action\":\"sts:AssumeRole\",\"Effect\":\"Allow\",\"Principal\":{\"Service\":\"lambda.amazonaws.com\"}}],\"Version\":\"2012-10-17\"}",
            "create_date": "2025-12-23T00:50:46Z",
            "description": "",
            "force_detach_policies": false,
            "id": "get-post-job-role",
            "inline_policy": [],
            "managed_policy_arns": [
              "arn:aws:iam::aws:policy/service-role/AWSLambdaBasicExecutionRole"
            ],
            "max_session_duration": 3600,
            "name": "get-post-job-role",
            "name_prefix": "",
            "path": "/",
            "permissions_boundary": "",
            "tags": {},
            "tags_all": {},
            "unique_id": "AROAVJXE5HIGDKGO7IOGW"
          },
          "sensitive_attributes": [],
          "identity_schema_version": 0,
          "private": "bnVsbA==",
          "dependencies": [
            "data.aws_iam_policy_document.lambda_assume"
          ]
        }
      ]
    },
    {
      "mode": "managed",
      "type": "aws_iam_role",
      "name": "scheduler_invoke_role",
      "provider": "provider[\"registry.terraform.io/hashicorp/aws\"]",
      "instances": [
        {
          "schema_version": 0,
          "attributes": {
            "arn": "arn:aws:iam::364478544396:role/invoke-lambda-every-30m-invoke-role",
            "assume_role_policy": "{\"Statement\":[{\"Action\":\"sts:AssumeRole\",\"Effect\":\"Allow\",\"Principal\":{\"Service\":\"scheduler.amazonaws.com\"}}],\"Version\":\"2012-10-17\"}",
            "create_date": "2025-12-23T00:50:46Z",
            "description": "",
            "force_detach_policies": false,
            "id": "invoke-lambda-every-30m-invoke-role",
            "inline_policy": [],
            "managed_policy_arns": [
              "arn:aws:iam::364478544396:policy/invoke-lambda-every-30m-invoke-policy"
            ],
            "max_session_duration": 3600,
            "name": "invoke-lambda-every-30m-invoke-role",
            "name_prefix": "",
            "path": "/",
            "permissions_boundary": "",
            "tags": {},
            "tags_all": {},
            "unique_id": "AROAVJXE5HIGJVJHB5SBH"
          },
          "sensitive_attributes": [],
          "identity_schema_version": 0,
          "private": "bnVsbA==",
          "dependencies": [
            "data.aws_iam_policy_document.scheduler_assume"
          ]
        }
      ]
    },
    {
      "mode": "managed",
      "type": "aws_iam_role_policy_attachment",
      "name": "attach_invoke_lambda",
      "provider": "provider[\"registry.terraform.io/hashicorp/aws\"]",
      "instances": [
        {
          "schema_version": 0,
          "attributes": {
            "id": "invoke-lambda-every-30m-invoke-role-20251223005106586400000002",
            "policy_arn": "arn:aws:iam::364478544396:policy/invoke-lambda-every-30m-invoke-policy",
            "role": "invoke-lambda-every-30m-invoke-role"
          },
          "sensitive_attributes": [],
          "identity_schema_version": 0,
          "private": "bnVsbA==",
          "dependencies": [
            "aws_cloudwatch_log_group.lambda",
            "aws_iam_policy.invoke_lambda",
            "aws_iam_role.lambda_role",
            "aws_iam_role.scheduler_invoke_role",
            "aws_lambda_function.this",
            "data.aws_iam_policy_document.invoke_lambda",
            "data.aws_iam_policy_document.lambda_assume",
            "data.aws_iam_policy_document.scheduler_assume"
          ]
        }
      ]
    },
    {
      "mode": "managed",
      "type": "aws_iam_role_policy_attachment",
      "name": "lambda_logging",
      "provider": "provider[\"registry.terraform.io/hashicorp/aws\"]",
      "instances": [
        {
          "schema_version": 0,
          "attributes": {
            "id": "get-post-job-role-20251223005048457900000001",
            "policy_arn": "arn:aws:iam::aws:policy/service-role/AWSLambdaBasicExecutionRole",
            "role": "get-post-job-role"
          },
          "sensitive_attributes": [],
          "identity_schema_version": 0,
          "private": "bnVsbA==",
          "dependencies": [
            "aws_iam_role.lambda_role",
            "data.aws_iam_policy_document.lambda_assume"
          ]
        }
      ]
    },
    {
      "mode": "managed",
      "type": "aws_lambda_function",
      "name": "this",
      "provider": "provider[\"registry.terraform.io/hashicorp/aws\"]",
      "instances": [
        {
          "schema_version": 0,
          "attributes": {
            "architectures": [
              "x86_64"
            ],
            "arn": "arn:aws:lambda:us-west-2:364478544396:function:get-post-job",
            "code_sha256": "RqZniztNejqbnoiYPpReNVYf4xd2InLjmYI1KXNclzc=",
            "code_signing_config_arn": "",
            "dead_letter_config": [],
            "description": "",
            "environment": [
              {
                "variables": {
                  "API_GET_URL": "https://jsonplaceholder.typicode.com/posts/1",
                  "API_POST_URL": "https://jsonplaceholder.typicode.com/posts",
                  "SECRETS_ID": ""
                }
              }
            ],
            "ephemeral_storage": [
              {
                "size": 512
              }
            ],
            "file_system_config": [],
            "filename": "lambda.zip",
            "function_name": "get-post-job",
            "handler": "handler.lambda_handler",
            "id": "get-post-job",
            "image_config": [],
            "image_uri": "",
            "invoke_arn": "arn:aws:apigateway:us-west-2:lambda:path/2015-03-31/functions/arn:aws:lambda:us-west-2:364478544396:function:get-post-job/invocations",
            "kms_key_arn": "",
            "last_modified": "2025-12-23T00:50:58.223+0000",
            "layers": [],
            "logging_config": [
              {
                "application_log_level": "",
                "log_format": "Text",
                "log_group": "/aws/lambda/get-post-job",
                "system_log_level": ""
              }
            ],
            "memory_size": 256,
            "package_type": "Zip",
            "publish": false,
            "qualified_arn": "arn:aws:lambda:us-west-2:364478544396:function:get-post-job:$LATEST",
            "qualified_invoke_arn": "arn:aws:apigateway:us-west-2:lambda:path/2015-03-31/functions/arn:aws:lambda:us-west-2:364478544396:function:get-post-job:$LATEST/invocations",
            "replace_security_groups_on_destroy": null,
            "replacement_security_group_ids": null,
            "reserved_concurrent_executions": -1,
            "role": "arn:aws:iam::364478544396:role/get-post-job-role",
            "runtime": "python3.12",
            "s3_bucket": null,
            "s3_key": null,
            "s3_object_version": null,
            "signing_job_arn": "",
            "signing_profile_version_arn": "",
            "skip_destroy": false,
            "snap_start": [],
            "source_code_hash": "RqZniztNejqbnoiYPpReNVYf4xd2InLjmYI1KXNclzc=",
            "source_code_size": 881,
            "tags": {},
            "tags_all": {},
            "timeout": 15,
            "timeouts": null,
            "tracing_config": [
              {
                "mode": "PassThrough"
              }
            ],
            "version": "$LATEST",
            "vpc_config": []
          },
          "sensitive_attributes": [],
          "identity_schema_version": 0,
          "private": "eyJlMmJmYjczMC1lY2FhLTExZTYtOGY4OC0zNDM2M2JjN2M0YzAiOnsiY3JlYXRlIjo2MDAwMDAwMDAwMDAsImRlbGV0ZSI6NjAwMDAwMDAwMDAwLCJ1cGRhdGUiOjYwMDAwMDAwMDAwMH19",
          "dependencies": [
            "aws_cloudwatch_log_group.lambda",
            "aws_iam_role.lambda_role",
            "data.aws_iam_policy_document.lambda_assume"
          ]
        }
      ]
    },
    {
      "mode": "managed",
      "type": "aws_scheduler_schedule",
      "name": "every_30m",
      "provider": "provider[\"registry.terraform.io/hashicorp/aws\"]",
      "instances": [
        {
          "schema_version": 0,
          "attributes": {
            "arn": "arn:aws:scheduler:us-west-2:364478544396:schedule/invoke-lambda-every-30m-group/invoke-lambda-every-30m",
            "description": "Invoca a Lambda a cada 30 minutos",
            "end_date": "",
            "flexible_time_window": [
              {
                "maximum_window_in_minutes": 0,
                "mode": "OFF"
              }
            ],
            "group_name": "invoke-lambda-every-30m-group",
            "id": "invoke-lambda-every-30m-group/invoke-lambda-every-30m",
            "kms_key_arn": "",
            "name": "invoke-lambda-every-30m",
            "name_prefix": "",
            "schedule_expression": "rate(30 minutes)",
            "schedule_expression_timezone": "America/Sao_Paulo",
            "start_date": "",
            "state": "ENABLED",
            "target": [
              {
                "arn": "arn:aws:lambda:us-west-2:364478544396:function:get-post-job",
                "dead_letter_config": [],
                "ecs_parameters": [],
                "eventbridge_parameters": [],
                "input": "",
                "kinesis_parameters": [],
                "retry_policy": [
                  {
                    "maximum_event_age_in_seconds": 86400,
                    "maximum_retry_attempts": 185
                  }
                ],
                "role_arn": "arn:aws:iam::364478544396:role/invoke-lambda-every-30m-invoke-role",
                "sagemaker_pipeline_parameters": [],
                "sqs_parameters": []
              }
            ]
          },
          "sensitive_attributes": [],
          "identity_schema_version": 0,
          "private": "bnVsbA==",
          "dependencies": [
            "aws_cloudwatch_log_group.lambda",
            "aws_iam_policy.invoke_lambda",
            "aws_iam_role.lambda_role",
            "aws_iam_role.scheduler_invoke_role",
            "aws_iam_role_policy_attachment.attach_invoke_lambda",
            "aws_lambda_function.this",
            "aws_scheduler_schedule_group.group",
            "data.aws_iam_policy_document.invoke_lambda",
            "data.aws_iam_policy_document.lambda_assume",
            "data.aws_iam_policy_document.scheduler_assume"
          ]
        }
      ]
    },
    {
      "mode": "managed",
      "type": "aws_scheduler_schedule_group",
      "name": "group",
      "provider": "provider[\"registry.terraform.io/hashicorp/aws\"]",
      "instances": [
        {
          "schema_version": 0,
          "attributes": {
            "arn": "arn:aws:scheduler:us-west-2:364478544396:schedule-group/invoke-lambda-every-30m-group",
            "creation_date": "2025-12-23T00:53:08Z",
            "id": "invoke-lambda-every-30m-group",
            "last_modification_date": "2025-12-23T00:53:08Z",
            "name": "invoke-lambda-every-30m-group",
            "name_prefix": "",
            "state": "ACTIVE",
            "tags": null,
            "tags_all": {},
            "timeouts": null
          },
          "sensitive_attributes": [],
          "identity_schema_version": 0,
          "private": "eyJlMmJmYjczMC1lY2FhLTExZTYtOGY4OC0zNDM2M2JjN2M0YzAiOnsiY3JlYXRlIjozMDAwMDAwMDAwMDAsImRlbGV0ZSI6MzAwMDAwMDAwMDAwfX0="
        }
      ]
    }
  ],
  "check_results": null
}
